// !$*UTF8*$!
{
	archiveVersion = 1;
	classes = {
	};
	objectVersion = 46;
	objects = {

/* Begin PBXBuildFile section */
		453191761EE6110400D3251E /* AlbumCell.swift in Sources */ = {isa = PBXBuildFile; fileRef = 453191751EE6110400D3251E /* AlbumCell.swift */; };
		453191781EE6121200D3251E /* Album.swift in Sources */ = {isa = PBXBuildFile; fileRef = 453191771EE6121200D3251E /* Album.swift */; };
		4554966A1ED5296900D633E8 /* AppDelegate.swift in Sources */ = {isa = PBXBuildFile; fileRef = 455496691ED5296900D633E8 /* AppDelegate.swift */; };
		4554966F1ED5296900D633E8 /* Main.storyboard in Resources */ = {isa = PBXBuildFile; fileRef = 4554966D1ED5296900D633E8 /* Main.storyboard */; };
		455496711ED5296900D633E8 /* Assets.xcassets in Resources */ = {isa = PBXBuildFile; fileRef = 455496701ED5296900D633E8 /* Assets.xcassets */; };
		455496741ED5296900D633E8 /* LaunchScreen.storyboard in Resources */ = {isa = PBXBuildFile; fileRef = 455496721ED5296900D633E8 /* LaunchScreen.storyboard */; };
		4554967C1ED5299F00D633E8 /* TableViewController.swift in Sources */ = {isa = PBXBuildFile; fileRef = 4554967B1ED5299F00D633E8 /* TableViewController.swift */; };
		457EFFC01ED60F2A00BE5FB1 /* DetailViewController.swift in Sources */ = {isa = PBXBuildFile; fileRef = 457EFFBF1ED60F2A00BE5FB1 /* DetailViewController.swift */; };
/* End PBXBuildFile section */

/* Begin PBXFileReference section */
		453191751EE6110400D3251E /* AlbumCell.swift */ = {isa = PBXFileReference; fileEncoding = 4; lastKnownFileType = sourcecode.swift; path = AlbumCell.swift; sourceTree = "<group>"; };
		453191771EE6121200D3251E /* Album.swift */ = {isa = PBXFileReference; fileEncoding = 4; lastKnownFileType = sourcecode.swift; path = Album.swift; sourceTree = "<group>"; };
		455496661ED5296900D633E8 /* VoiceOverBlog.app */ = {isa = PBXFileReference; explicitFileType = wrapper.application; includeInIndex = 0; path = VoiceOverBlog.app; sourceTree = BUILT_PRODUCTS_DIR; };
		455496691ED5296900D633E8 /* AppDelegate.swift */ = {isa = PBXFileReference; lastKnownFileType = sourcecode.swift; path = AppDelegate.swift; sourceTree = "<group>"; };
		4554966E1ED5296900D633E8 /* Base */ = {isa = PBXFileReference; lastKnownFileType = file.storyboard; name = Base; path = Base.lproj/Main.storyboard; sourceTree = "<group>"; };
		455496701ED5296900D633E8 /* Assets.xcassets */ = {isa = PBXFileReference; lastKnownFileType = folder.assetcatalog; path = Assets.xcassets; sourceTree = "<group>"; };
		455496731ED5296900D633E8 /* Base */ = {isa = PBXFileReference; lastKnownFileType = file.storyboard; name = Base; path = Base.lproj/LaunchScreen.storyboard; sourceTree = "<group>"; };
		455496751ED5296900D633E8 /* Info.plist */ = {isa = PBXFileReference; lastKnownFileType = text.plist.xml; path = Info.plist; sourceTree = "<group>"; };
		4554967B1ED5299F00D633E8 /* TableViewController.swift */ = {isa = PBXFileReference; fileEncoding = 4; lastKnownFileType = sourcecode.swift; path = TableViewController.swift; sourceTree = "<group>"; };
		457EFFBF1ED60F2A00BE5FB1 /* DetailViewController.swift */ = {isa = PBXFileReference; fileEncoding = 4; lastKnownFileType = sourcecode.swift; path = DetailViewController.swift; sourceTree = "<group>"; };
/* End PBXFileReference section */

/* Begin PBXFrameworksBuildPhase section */
		455496631ED5296900D633E8 /* Frameworks */ = {
			isa = PBXFrameworksBuildPhase;
			buildActionMask = 2147483647;
			files = (
			);
			runOnlyForDeploymentPostprocessing = 0;
		};
/* End PBXFrameworksBuildPhase section */

/* Begin PBXGroup section */
		4554965D1ED5296900D633E8 = {
			isa = PBXGroup;
			children = (
				455496681ED5296900D633E8 /* VoiceOverBlog */,
				455496671ED5296900D633E8 /* Products */,
			);
			sourceTree = "<group>";
		};
		455496671ED5296900D633E8 /* Products */ = {
			isa = PBXGroup;
			children = (
				455496661ED5296900D633E8 /* VoiceOverBlog.app */,
			);
			name = Products;
			sourceTree = "<group>";
		};
		455496681ED5296900D633E8 /* VoiceOverBlog */ = {
			isa = PBXGroup;
			children = (
				455496691ED5296900D633E8 /* AppDelegate.swift */,
				4554967B1ED5299F00D633E8 /* TableViewController.swift */,
				453191751EE6110400D3251E /* AlbumCell.swift */,
				453191771EE6121200D3251E /* Album.swift */,
				4554966D1ED5296900D633E8 /* Main.storyboard */,
				457EFFBF1ED60F2A00BE5FB1 /* DetailViewController.swift */,
				455496701ED5296900D633E8 /* Assets.xcassets */,
				455496721ED5296900D633E8 /* LaunchScreen.storyboard */,
				455496751ED5296900D633E8 /* Info.plist */,
			);
			path = VoiceOverBlog;
			sourceTree = "<group>";
		};
/* End PBXGroup section */

/* Begin PBXNativeTarget section */
		455496651ED5296900D633E8 /* VoiceOverBlog */ = {
			isa = PBXNativeTarget;
			buildConfigurationList = 455496781ED5296900D633E8 /* Build configuration list for PBXNativeTarget "VoiceOverBlog" */;
			buildPhases = (
				455496621ED5296900D633E8 /* Sources */,
				455496631ED5296900D633E8 /* Frameworks */,
				455496641ED5296900D633E8 /* Resources */,
			);
			buildRules = (
			);
			dependencies = (
			);
			name = VoiceOverBlog;
			productName = VoiceOverBlog;
			productReference = 455496661ED5296900D633E8 /* VoiceOverBlog.app */;
			productType = "com.apple.product-type.application";
		};
/* End PBXNativeTarget section */

/* Begin PBXProject section */
		4554965E1ED5296900D633E8 /* Project object */ = {
			isa = PBXProject;
			attributes = {
				LastSwiftUpdateCheck = 0830;
				LastUpgradeCheck = 0830;
				ORGANIZATIONNAME = "Erica Millado";
				TargetAttributes = {
					455496651ED5296900D633E8 = {
						CreatedOnToolsVersion = 8.3.2;
						DevelopmentTeam = ZG53357D46;
						ProvisioningStyle = Automatic;
					};
				};
			};
			buildConfigurationList = 455496611ED5296900D633E8 /* Build configuration list for PBXProject "VoiceOverBlog" */;
			compatibilityVersion = "Xcode 3.2";
			developmentRegion = English;
			hasScannedForEncodings = 0;
			knownRegions = (
				en,
				Base,
			);
			mainGroup = 4554965D1ED5296900D633E8;
			productRefGroup = 455496671ED5296900D633E8 /* Products */;
			projectDirPath = "";
			projectRoot = "";
			targets = (
				455496651ED5296900D633E8 /* VoiceOverBlog */,
			);
		};
/* End PBXProject section */

/* Begin PBXResourcesBuildPhase section */
		455496641ED5296900D633E8 /* Resources */ = {
			isa = PBXResourcesBuildPhase;
			buildActionMask = 2147483647;
			files = (
				455496741ED5296900D633E8 /* LaunchScreen.storyboard in Resources */,
				455496711ED5296900D633E8 /* Assets.xcassets in Resources */,
				4554966F1ED5296900D633E8 /* Main.storyboard in Resources */,
			);
			runOnlyForDeploymentPostprocessing = 0;
		};
/* End PBXResourcesBuildPhase section */

/* Begin PBXSourcesBuildPhase section */
		455496621ED5296900D633E8 /* Sources */ = {
			isa = PBXSourcesBuildPhase;
			buildActionMask = 2147483647;
			files = (
				457EFFC01ED60F2A00BE5FB1 /* DetailViewController.swift in Sources */,
				4554967C1ED5299F00D633E8 /* TableViewController.swift in Sources */,
				4554966A1ED5296900D633E8 /* AppDelegate.swift in Sources */,
				453191761EE6110400D3251E /* AlbumCell.swift in Sources */,
				453191781EE6121200D3251E /* Album.swift in Sources */,
			);
			runOnlyForDeploymentPostprocessing = 0;
		};
/* End PBXSourcesBuildPhase section */

/* Begin PBXVariantGroup section */
		4554966D1ED5296900D633E8 /* Main.storyboard */ = {
			isa = PBXVariantGroup;
			children = (
				4554966E1ED5296900D633E8 /* Base */,
			);
			name = Main.storyboard;
			sourceTree = "<group>";
		};
		455496721ED5296900D633E8 /* LaunchScreen.storyboard */ = {
			isa = PBXVariantGroup;
			children = (
				455496731ED5296900D633E8 /* Base */,
			);
			name = LaunchScreen.storyboard;
			sourceTree = "<group>";
		};
/* End PBXVariantGroup section */

/* Begin XCBuildConfiguration section */
		455496761ED5296900D633E8 /* Debug */ = {
			isa = XCBuildConfiguration;
			buildSettings = {
				ALWAYS_SEARCH_USER_PATHS = NO;
				CLANG_ANALYZER_NONNULL = YES;
				CLANG_ANALYZER_NUMBER_OBJECT_CONVERSION = YES_AGGRESSIVE;
				CLANG_CXX_LANGUAGE_STANDARD = "gnu++0x";
				CLANG_CXX_LIBRARY = "libc++";
				CLANG_ENABLE_MODULES = YES;
				CLANG_ENABLE_OBJC_ARC = YES;
				CLANG_WARN_BOOL_CONVERSION = YES;
				CLANG_WARN_CONSTANT_CONVERSION = YES;
				CLANG_WARN_DIRECT_OBJC_ISA_USAGE = YES_ERROR;
				CLANG_WARN_DOCUMENTATION_COMMENTS = YES;
				CLANG_WARN_EMPTY_BODY = YES;
				CLANG_WARN_ENUM_CONVERSION = YES;
				CLANG_WARN_INFINITE_RECURSION = YES;
				CLANG_WARN_INT_CONVERSION = YES;
				CLANG_WARN_OBJC_ROOT_CLASS = YES_ERROR;
				CLANG_WARN_SUSPICIOUS_MOVE = YES;
				CLANG_WARN_UNREACHABLE_CODE = YES;
				CLANG_WARN__DUPLICATE_METHOD_MATCH = YES;
				"CODE_SIGN_IDENTITY[sdk=iphoneos*]" = "iPhone Developer";
				COPY_PHASE_STRIP = NO;
				DEBUG_INFORMATION_FORMAT = dwarf;
				ENABLE_STRICT_OBJC_MSGSEND = YES;
				ENABLE_TESTABILITY = YES;
				GCC_C_LANGUAGE_STANDARD = gnu99;
				GCC_DYNAMIC_NO_PIC = NO;
				GCC_NO_COMMON_BLOCKS = YES;
				GCC_OPTIMIZATION_LEVEL = 0;
				GCC_PREPROCESSOR_DEFINITIONS = (
					"DEBUG=1",
					"$(inherited)",
				);
				GCC_WARN_64_TO_32_BIT_CONVERSION = YES;
				GCC_WARN_ABOUT_RETURN_TYPE = YES_ERROR;
				GCC_WARN_UNDECLARED_SELECTOR = YES;
				GCC_WARN_UNINITIALIZED_AUTOS = YES_AGGRESSIVE;
				GCC_WARN_UNUSED_FUNCTION = YES;
				GCC_WARN_UNUSED_VARIABLE = YES;
				IPHONEOS_DEPLOYMENT_TARGET = 10.3;
				MTL_ENABLE_DEBUG_INFO = YES;
				ONLY_ACTIVE_ARCH = YES;
				SDKROOT = iphoneos;
				SWIFT_ACTIVE_COMPILATION_CONDITIONS = DEBUG;
				SWIFT_OPTIMIZATION_LEVEL = "-Onone";
				TARGETED_DEVICE_FAMILY = "1,2";
			};
			name = Debug;
		};
		455496771ED5296900D633E8 /* Release */ = {
			isa = XCBuildConfiguration;
			buildSettings = {
				ALWAYS_SEARCH_USER_PATHS = NO;
				CLANG_ANALYZER_NONNULL = YES;
				CLANG_ANALYZER_NUMBER_OBJECT_CONVERSION = YES_AGGRESSIVE;
				CLANG_CXX_LANGUAGE_STANDARD = "gnu++0x";
				CLANG_CXX_LIBRARY = "libc++";
				CLANG_ENABLE_MODULES = YES;
				CLANG_ENABLE_OBJC_ARC = YES;
				CLANG_WARN_BOOL_CONVERSION = YES;
				CLANG_WARN_CONSTANT_CONVERSION = YES;
				CLANG_WARN_DIRECT_OBJC_ISA_USAGE = YES_ERROR;
				CLANG_WARN_DOCUMENTATION_COMMENTS = YES;
				CLANG_WARN_EMPTY_BODY = YES;
				CLANG_WARN_ENUM_CONVERSION = YES;
				CLANG_WARN_INFINITE_RECURSION = YES;
				CLANG_WARN_INT_CONVERSION = YES;
				CLANG_WARN_OBJC_ROOT_CLASS = YES_ERROR;
				CLANG_WARN_SUSPICIOUS_MOVE = YES;
				CLANG_WARN_UNREACHABLE_CODE = YES;
				CLANG_WARN__DUPLICATE_METHOD_MATCH = YES;
				"CODE_SIGN_IDENTITY[sdk=iphoneos*]" = "iPhone Developer";
				COPY_PHASE_STRIP = NO;
				DEBUG_INFORMATION_FORMAT = "dwarf-with-dsym";
				ENABLE_NS_ASSERTIONS = NO;
				ENABLE_STRICT_OBJC_MSGSEND = YES;
				GCC_C_LANGUAGE_STANDARD = gnu99;
				GCC_NO_COMMON_BLOCKS = YES;
				GCC_WARN_64_TO_32_BIT_CONVERSION = YES;
				GCC_WARN_ABOUT_RETURN_TYPE = YES_ERROR;
				GCC_WARN_UNDECLARED_SELECTOR = YES;
				GCC_WARN_UNINITIALIZED_AUTOS = YES_AGGRESSIVE;
				GCC_WARN_UNUSED_FUNCTION = YES;
				GCC_WARN_UNUSED_VARIABLE = YES;
				IPHONEOS_DEPLOYMENT_TARGET = 10.3;
				MTL_ENABLE_DEBUG_INFO = NO;
				SDKROOT = iphoneos;
				SWIFT_OPTIMIZATION_LEVEL = "-Owholemodule";
				TARGETED_DEVICE_FAMILY = "1,2";
				VALIDATE_PRODUCT = YES;
			};
			name = Release;
		};
		455496791ED5296900D633E8 /* Debug */ = {
			isa = XCBuildConfiguration;
			buildSettings = {
				ASSETCATALOG_COMPILER_APPICON_NAME = AppIcon;
				DEVELOPMENT_TEAM = ZG53357D46;
				INFOPLIST_FILE = VoiceOverBlog/Info.plist;
				LD_RUNPATH_SEARCH_PATHS = "$(inherited) @executable_path/Frameworks";
				PRODUCT_BUNDLE_IDENTIFIER = com.yayitserica.VoiceOverBlog;
				PRODUCT_NAME = "$(TARGET_NAME)";
				SWIFT_VERSION = 3.0;
			};
			name = Debug;
		};
		4554967A1ED5296900D633E8 /* Release */ = {
			isa = XCBuildConfiguration;
			buildSettings = {
				ASSETCATALOG_COMPILER_APPICON_NAME = AppIcon;
				DEVELOPMENT_TEAM = ZG53357D46;
				INFOPLIST_FILE = VoiceOverBlog/Info.plist;
				LD_RUNPATH_SEARCH_PATHS = "$(inherited) @executable_path/Frameworks";
				PRODUCT_BUNDLE_IDENTIFIER = com.yayitserica.VoiceOverBlog;
				PRODUCT_NAME = "$(TARGET_NAME)";
				SWIFT_VERSION = 3.0;
			};
			name = Release;
		};
/* End XCBuildConfiguration section */

/* Begin XCConfigurationList section */
		455496611ED5296900D633E8 /* Build configuration list for PBXProject "VoiceOverBlog" */ = {
			isa = XCConfigurationList;
			buildConfigurations = (
				455496761ED5296900D633E8 /* Debug */,
				455496771ED5296900D633E8 /* Release */,
			);
			defaultConfigurationIsVisible = 0;
			defaultConfigurationName = Release;
		};
		455496781ED5296900D633E8 /* Build configuration list for PBXNativeTarget "VoiceOverBlog" */ = {
			isa = XCConfigurationList;
			buildConfigurations = (
				455496791ED5296900D633E8 /* Debug */,
				4554967A1ED5296900D633E8 /* Release */,
			);
			defaultConfigurationIsVisible = 0;
			defaultConfigurationName = Release;
		};
/* End XCConfigurationList section */
	};
	rootObject = 4554965E1ED5296900D633E8 /* Project object */;
}
